
Microsoft Visual Studio Solution File, Format Version 12.00
# Visual Studio Version 16
VisualStudioVersion = 16.0.30223.230
MinimumVisualStudioVersion = 10.0.40219.1
Project("{2150E333-8FDC-42A3-9474-1A3956D46DE8}") = "01. Clents", "01. Clents", "{D5BA0CF9-DD93-4C25-9B0E-C30A2155AC5B}"
EndProject
Project("{2150E333-8FDC-42A3-9474-1A3956D46DE8}") = "02. Api.Gateways", "02. Api.Gateways", "{883235ED-AC42-4DF5-A5EF-6BD6BE207D9D}"
EndProject
Project("{2150E333-8FDC-42A3-9474-1A3956D46DE8}") = "03. Services", "03. Services", "{085A142F-092F-41FE-ABC7-1C4D1793A438}"
EndProject
Project("{2150E333-8FDC-42A3-9474-1A3956D46DE8}") = "01. Identity", "01. Identity", "{80803D9B-F288-4FC5-9AB5-D8F1CF4B1B9C}"
EndProject
Project("{2150E333-8FDC-42A3-9474-1A3956D46DE8}") = "02. Catalog", "02. Catalog", "{7D323D3A-81D3-4183-A5C6-63EE2B52A022}"
EndProject
Project("{2150E333-8FDC-42A3-9474-1A3956D46DE8}") = "03. Custumer", "03. Custumer", "{6B894F1F-6ED3-4A87-ADBD-472507123CEC}"
EndProject
Project("{2150E333-8FDC-42A3-9474-1A3956D46DE8}") = "04. Older", "04. Older", "{BA12200C-AE46-442F-809E-F0659134BEC1}"
EndProject
Project("{9A19103F-16F7-4668-BE54-9A1E7A4F7556}") = "Catalog.Api", "src\Services\Catalog\Catalog.Api\Catalog.Api.csproj", "{41BCC084-9917-4DEA-A5C0-9ED2261A99B0}"
EndProject
Project("{2150E333-8FDC-42A3-9474-1A3956D46DE8}") = "01. API", "01. API", "{83B7C0C4-47C2-4069-955F-8EEB41439929}"
EndProject
Project("{2150E333-8FDC-42A3-9474-1A3956D46DE8}") = "02. Services", "02. Services", "{B7F89218-BF3C-4AA7-A021-3E73A826BCF0}"
EndProject
Project("{2150E333-8FDC-42A3-9474-1A3956D46DE8}") = "03. Persistence", "03. Persistence", "{1FE173A0-E43C-4747-9CA4-E98908207F0B}"
EndProject
Project("{2150E333-8FDC-42A3-9474-1A3956D46DE8}") = "04. Models", "04. Models", "{B1D0C011-D7B1-49DB-A8C8-3691A832AF12}"
EndProject
Project("{9A19103F-16F7-4668-BE54-9A1E7A4F7556}") = "Catalog.Domain", "src\Services\Catalog\Catalog.Domain\Catalog.Domain.csproj", "{E42923E8-24FF-4EE1-93D0-5D7BB9EF58EB}"
EndProject
Project("{9A19103F-16F7-4668-BE54-9A1E7A4F7556}") = "Catalog.Persistence", "src\Services\Catalog\Catalog.Persistence\Catalog.Persistence.csproj", "{EF49DB83-4590-48E6-8D55-9A36914363CA}"
EndProject
Project("{2150E333-8FDC-42A3-9474-1A3956D46DE8}") = "Common", "Common", "{3C31F0AC-96A0-4D6C-8DA1-87A2ED896024}"
EndProject
Project("{9A19103F-16F7-4668-BE54-9A1E7A4F7556}") = "Service.Common.Collection", "src\Services\Common\Service.Common.Collection\Service.Common.Collection.csproj", "{14B46D02-4E07-4711-947A-CAFC292019DE}"
EndProject
Project("{9A19103F-16F7-4668-BE54-9A1E7A4F7556}") = "Service.Common.Mapping", "src\Services\Common\Service.Common.Mapping\Service.Common.Mapping.csproj", "{29EDE0BE-CAC9-48BD-B1F3-CF1627082E01}"
EndProject
Project("{9A19103F-16F7-4668-BE54-9A1E7A4F7556}") = "Service.Common.Paging", "src\Services\Common\Service.Common.Paging\Service.Common.Paging.csproj", "{E90642D6-EEF8-4387-B188-7187BEEEB0A6}"
EndProject
Project("{9A19103F-16F7-4668-BE54-9A1E7A4F7556}") = "Catalog.Service.Queries", "src\Services\Catalog\Catalog.Services\Queries\Catalog.Service.Queries\Catalog.Service.Queries.csproj", "{68894119-946A-452F-A75F-5BDF07069A4E}"
EndProject
Project("{9A19103F-16F7-4668-BE54-9A1E7A4F7556}") = "Catalog.Service.EventHandlers", "src\Services\Catalog\Catalog.Services\EventHandlers\Catalog.Service.EventHandlers\Catalog.Service.EventHandlers.csproj", "{EBA552B6-1EC7-4F99-83CF-8D96DB4C48DE}"
EndProject
Project("{2150E333-8FDC-42A3-9474-1A3956D46DE8}") = "05. Common", "05. Common", "{4F0D803A-AEE6-4AD9-8E51-BDD73EEE1F00}"
EndProject
Project("{FAE04EC0-301F-11D3-BF4B-00C04F79EFBC}") = "Catalog.Common", "src\Services\Catalog\Catalog.Api\Catalog.Common\Catalog.Common.csproj", "{A66E0E3E-0F48-4703-80F7-907498DCB968}"
EndProject
Project("{2150E333-8FDC-42A3-9474-1A3956D46DE8}") = "04.Common", "04.Common", "{3AECBE42-11FA-4B8D-A5A4-0FE0CE76E210}"
EndProject
Project("{FAE04EC0-301F-11D3-BF4B-00C04F79EFBC}") = "Common.Logging", "src\Common\Common.Logging\Common.Logging.csproj", "{D125D90A-4B40-4ACC-ABD4-332D09C0A5A3}"
EndProject
Global
	GlobalSection(SolutionConfigurationPlatforms) = preSolution
		Debug|Any CPU = Debug|Any CPU
		Release|Any CPU = Release|Any CPU
	EndGlobalSection
	GlobalSection(ProjectConfigurationPlatforms) = postSolution
		{41BCC084-9917-4DEA-A5C0-9ED2261A99B0}.Debug|Any CPU.ActiveCfg = Debug|Any CPU
		{41BCC084-9917-4DEA-A5C0-9ED2261A99B0}.Debug|Any CPU.Build.0 = Debug|Any CPU
		{41BCC084-9917-4DEA-A5C0-9ED2261A99B0}.Release|Any CPU.ActiveCfg = Release|Any CPU
		{41BCC084-9917-4DEA-A5C0-9ED2261A99B0}.Release|Any CPU.Build.0 = Release|Any CPU
		{E42923E8-24FF-4EE1-93D0-5D7BB9EF58EB}.Debug|Any CPU.ActiveCfg = Debug|Any CPU
		{E42923E8-24FF-4EE1-93D0-5D7BB9EF58EB}.Debug|Any CPU.Build.0 = Debug|Any CPU
		{E42923E8-24FF-4EE1-93D0-5D7BB9EF58EB}.Release|Any CPU.ActiveCfg = Release|Any CPU
		{E42923E8-24FF-4EE1-93D0-5D7BB9EF58EB}.Release|Any CPU.Build.0 = Release|Any CPU
		{EF49DB83-4590-48E6-8D55-9A36914363CA}.Debug|Any CPU.ActiveCfg = Debug|Any CPU
		{EF49DB83-4590-48E6-8D55-9A36914363CA}.Debug|Any CPU.Build.0 = Debug|Any CPU
		{EF49DB83-4590-48E6-8D55-9A36914363CA}.Release|Any CPU.ActiveCfg = Release|Any CPU
		{EF49DB83-4590-48E6-8D55-9A36914363CA}.Release|Any CPU.Build.0 = Release|Any CPU
		{14B46D02-4E07-4711-947A-CAFC292019DE}.Debug|Any CPU.ActiveCfg = Debug|Any CPU
		{14B46D02-4E07-4711-947A-CAFC292019DE}.Debug|Any CPU.Build.0 = Debug|Any CPU
		{14B46D02-4E07-4711-947A-CAFC292019DE}.Release|Any CPU.ActiveCfg = Release|Any CPU
		{14B46D02-4E07-4711-947A-CAFC292019DE}.Release|Any CPU.Build.0 = Release|Any CPU
		{29EDE0BE-CAC9-48BD-B1F3-CF1627082E01}.Debug|Any CPU.ActiveCfg = Debug|Any CPU
		{29EDE0BE-CAC9-48BD-B1F3-CF1627082E01}.Debug|Any CPU.Build.0 = Debug|Any CPU
		{29EDE0BE-CAC9-48BD-B1F3-CF1627082E01}.Release|Any CPU.ActiveCfg = Release|Any CPU
		{29EDE0BE-CAC9-48BD-B1F3-CF1627082E01}.Release|Any CPU.Build.0 = Release|Any CPU
		{E90642D6-EEF8-4387-B188-7187BEEEB0A6}.Debug|Any CPU.ActiveCfg = Debug|Any CPU
		{E90642D6-EEF8-4387-B188-7187BEEEB0A6}.Debug|Any CPU.Build.0 = Debug|Any CPU
		{E90642D6-EEF8-4387-B188-7187BEEEB0A6}.Release|Any CPU.ActiveCfg = Release|Any CPU
		{E90642D6-EEF8-4387-B188-7187BEEEB0A6}.Release|Any CPU.Build.0 = Release|Any CPU
		{68894119-946A-452F-A75F-5BDF07069A4E}.Debug|Any CPU.ActiveCfg = Debug|Any CPU
		{68894119-946A-452F-A75F-5BDF07069A4E}.Debug|Any CPU.Build.0 = Debug|Any CPU
		{68894119-946A-452F-A75F-5BDF07069A4E}.Release|Any CPU.ActiveCfg = Release|Any CPU
		{68894119-946A-452F-A75F-5BDF07069A4E}.Release|Any CPU.Build.0 = Release|Any CPU
		{EBA552B6-1EC7-4F99-83CF-8D96DB4C48DE}.Debug|Any CPU.ActiveCfg = Debug|Any CPU
		{EBA552B6-1EC7-4F99-83CF-8D96DB4C48DE}.Debug|Any CPU.Build.0 = Debug|Any CPU
		{EBA552B6-1EC7-4F99-83CF-8D96DB4C48DE}.Release|Any CPU.ActiveCfg = Release|Any CPU
		{EBA552B6-1EC7-4F99-83CF-8D96DB4C48DE}.Release|Any CPU.Build.0 = Release|Any CPU
		{A66E0E3E-0F48-4703-80F7-907498DCB968}.Debug|Any CPU.ActiveCfg = Debug|Any CPU
		{A66E0E3E-0F48-4703-80F7-907498DCB968}.Debug|Any CPU.Build.0 = Debug|Any CPU
		{A66E0E3E-0F48-4703-80F7-907498DCB968}.Release|Any CPU.ActiveCfg = Release|Any CPU
		{A66E0E3E-0F48-4703-80F7-907498DCB968}.Release|Any CPU.Build.0 = Release|Any CPU
		{D125D90A-4B40-4ACC-ABD4-332D09C0A5A3}.Debug|Any CPU.ActiveCfg = Debug|Any CPU
		{D125D90A-4B40-4ACC-ABD4-332D09C0A5A3}.Debug|Any CPU.Build.0 = Debug|Any CPU
		{D125D90A-4B40-4ACC-ABD4-332D09C0A5A3}.Release|Any CPU.ActiveCfg = Release|Any CPU
		{D125D90A-4B40-4ACC-ABD4-332D09C0A5A3}.Release|Any CPU.Build.0 = Release|Any CPU
	EndGlobalSection
	GlobalSection(SolutionProperties) = preSolution
		HideSolutionNode = FALSE
	EndGlobalSection
	GlobalSection(NestedProjects) = preSolution
		{80803D9B-F288-4FC5-9AB5-D8F1CF4B1B9C} = {085A142F-092F-41FE-ABC7-1C4D1793A438}
		{7D323D3A-81D3-4183-A5C6-63EE2B52A022} = {085A142F-092F-41FE-ABC7-1C4D1793A438}
		{6B894F1F-6ED3-4A87-ADBD-472507123CEC} = {085A142F-092F-41FE-ABC7-1C4D1793A438}
		{BA12200C-AE46-442F-809E-F0659134BEC1} = {085A142F-092F-41FE-ABC7-1C4D1793A438}
		{41BCC084-9917-4DEA-A5C0-9ED2261A99B0} = {83B7C0C4-47C2-4069-955F-8EEB41439929}
		{83B7C0C4-47C2-4069-955F-8EEB41439929} = {7D323D3A-81D3-4183-A5C6-63EE2B52A022}
		{B7F89218-BF3C-4AA7-A021-3E73A826BCF0} = {7D323D3A-81D3-4183-A5C6-63EE2B52A022}
		{1FE173A0-E43C-4747-9CA4-E98908207F0B} = {7D323D3A-81D3-4183-A5C6-63EE2B52A022}
		{B1D0C011-D7B1-49DB-A8C8-3691A832AF12} = {7D323D3A-81D3-4183-A5C6-63EE2B52A022}
		{E42923E8-24FF-4EE1-93D0-5D7BB9EF58EB} = {B1D0C011-D7B1-49DB-A8C8-3691A832AF12}
		{EF49DB83-4590-48E6-8D55-9A36914363CA} = {1FE173A0-E43C-4747-9CA4-E98908207F0B}
		{3C31F0AC-96A0-4D6C-8DA1-87A2ED896024} = {085A142F-092F-41FE-ABC7-1C4D1793A438}
		{14B46D02-4E07-4711-947A-CAFC292019DE} = {3C31F0AC-96A0-4D6C-8DA1-87A2ED896024}
		{29EDE0BE-CAC9-48BD-B1F3-CF1627082E01} = {3C31F0AC-96A0-4D6C-8DA1-87A2ED896024}
		{E90642D6-EEF8-4387-B188-7187BEEEB0A6} = {3C31F0AC-96A0-4D6C-8DA1-87A2ED896024}
		{68894119-946A-452F-A75F-5BDF07069A4E} = {B7F89218-BF3C-4AA7-A021-3E73A826BCF0}
		{EBA552B6-1EC7-4F99-83CF-8D96DB4C48DE} = {B7F89218-BF3C-4AA7-A021-3E73A826BCF0}
		{4F0D803A-AEE6-4AD9-8E51-BDD73EEE1F00} = {7D323D3A-81D3-4183-A5C6-63EE2B52A022}
		{A66E0E3E-0F48-4703-80F7-907498DCB968} = {4F0D803A-AEE6-4AD9-8E51-BDD73EEE1F00}
		{D125D90A-4B40-4ACC-ABD4-332D09C0A5A3} = {3AECBE42-11FA-4B8D-A5A4-0FE0CE76E210}
	EndGlobalSection
	GlobalSection(ExtensibilityGlobals) = postSolution
		SolutionGuid = {8817A138-94DF-4F7F-ACCC-A494C546C957}
	EndGlobalSection
EndGlobal
